
Microsoft Visual Studio Solution File, Format Version 12.00
# Visual Studio Version 17
VisualStudioVersion = 17.4.33213.308
MinimumVisualStudioVersion = 10.0.40219.1
Project("{2150E333-8FDC-42A3-9474-1A3956D46DE8}") = "Solution Items", "Solution Items", "{3869CF7A-6FE6-4C52-B93D-7404C679C51C}"
	ProjectSection(SolutionItems) = preProject
		.gitignore = .gitignore
		Directory.Build.props = Directory.Build.props
		LICENSE = LICENSE
		README.md = README.md
	EndProjectSection
EndProject
Project("{9A19103F-16F7-4668-BE54-9A1E7A4F7556}") = "Avalonia.ImageBufferView", "Avalonia.ImageBufferView\Avalonia.ImageBufferView.csproj", "{D6C689FF-6D2A-4DEB-BA24-93E7085CF496}"
EndProject
Project("{2150E333-8FDC-42A3-9474-1A3956D46DE8}") = "Sample", "Sample", "{47186386-D20C-4107-BA0B-DE8DC4E24CF0}"
EndProject
Project("{9A19103F-16F7-4668-BE54-9A1E7A4F7556}") = "Avalonia.ImageBufferView.11.0.0-preview6", "Avalonia.ImageBufferView.11.0.0-preview6\Avalonia.ImageBufferView.11.0.0-preview6.csproj", "{DB798F19-5C05-4B77-A57C-76E986EF8329}"
EndProject
Project("{9A19103F-16F7-4668-BE54-9A1E7A4F7556}") = "Avalonia.ImageBufferView.11.0.0-preview7", "Avalonia.ImageBufferView.11.0.0-preview7\Avalonia.ImageBufferView.11.0.0-preview7.csproj", "{9DC6A265-8B44-41D1-A7B6-5E02043297AF}"
EndProject
Project("{9A19103F-16F7-4668-BE54-9A1E7A4F7556}") = "Avalonia.ImageBufferView.11.0.0-preview8", "Avalonia.ImageBufferView.11.0.0-preview8\Avalonia.ImageBufferView.11.0.0-preview8.csproj", "{BF9BD13F-CC2B-409E-BF0A-C155365CD05E}"
EndProject
Project("{FAE04EC0-301F-11D3-BF4B-00C04F79EFBC}") = "Avalonia.ImageBufferView.Sample", "Sample\Avalonia.ImageBufferView.Sample\Avalonia.ImageBufferView.Sample.csproj", "{85A1C45D-C30F-4187-B565-F64663EF35C4}"
EndProject
Global
	GlobalSection(SolutionConfigurationPlatforms) = preSolution
		Debug|Any CPU = Debug|Any CPU
		Release|Any CPU = Release|Any CPU
	EndGlobalSection
	GlobalSection(ProjectConfigurationPlatforms) = postSolution
		{D6C689FF-6D2A-4DEB-BA24-93E7085CF496}.Debug|Any CPU.ActiveCfg = Debug|Any CPU
		{D6C689FF-6D2A-4DEB-BA24-93E7085CF496}.Debug|Any CPU.Build.0 = Debug|Any CPU
		{D6C689FF-6D2A-4DEB-BA24-93E7085CF496}.Release|Any CPU.ActiveCfg = Release|Any CPU
		{D6C689FF-6D2A-4DEB-BA24-93E7085CF496}.Release|Any CPU.Build.0 = Release|Any CPU
		{DB798F19-5C05-4B77-A57C-76E986EF8329}.Debug|Any CPU.ActiveCfg = Debug|Any CPU
		{DB798F19-5C05-4B77-A57C-76E986EF8329}.Debug|Any CPU.Build.0 = Debug|Any CPU
		{DB798F19-5C05-4B77-A57C-76E986EF8329}.Release|Any CPU.ActiveCfg = Release|Any CPU
		{DB798F19-5C05-4B77-A57C-76E986EF8329}.Release|Any CPU.Build.0 = Release|Any CPU
		{9DC6A265-8B44-41D1-A7B6-5E02043297AF}.Debug|Any CPU.ActiveCfg = Debug|Any CPU
		{9DC6A265-8B44-41D1-A7B6-5E02043297AF}.Debug|Any CPU.Build.0 = Debug|Any CPU
		{9DC6A265-8B44-41D1-A7B6-5E02043297AF}.Release|Any CPU.ActiveCfg = Release|Any CPU
		{9DC6A265-8B44-41D1-A7B6-5E02043297AF}.Release|Any CPU.Build.0 = Release|Any CPU
		{BF9BD13F-CC2B-409E-BF0A-C155365CD05E}.Debug|Any CPU.ActiveCfg = Debug|Any CPU
		{BF9BD13F-CC2B-409E-BF0A-C155365CD05E}.Debug|Any CPU.Build.0 = Debug|Any CPU
		{BF9BD13F-CC2B-409E-BF0A-C155365CD05E}.Release|Any CPU.ActiveCfg = Release|Any CPU
		{BF9BD13F-CC2B-409E-BF0A-C155365CD05E}.Release|Any CPU.Build.0 = Release|Any CPU
		{85A1C45D-C30F-4187-B565-F64663EF35C4}.Debug|Any CPU.ActiveCfg = Debug|Any CPU
		{85A1C45D-C30F-4187-B565-F64663EF35C4}.Debug|Any CPU.Build.0 = Debug|Any CPU
		{85A1C45D-C30F-4187-B565-F64663EF35C4}.Release|Any CPU.ActiveCfg = Release|Any CPU
		{85A1C45D-C30F-4187-B565-F64663EF35C4}.Release|Any CPU.Build.0 = Release|Any CPU
	EndGlobalSection
	GlobalSection(SolutionProperties) = preSolution
		HideSolutionNode = FALSE
	EndGlobalSection
	GlobalSection(NestedProjects) = preSolution
		{85A1C45D-C30F-4187-B565-F64663EF35C4} = {47186386-D20C-4107-BA0B-DE8DC4E24CF0}
	EndGlobalSection
	GlobalSection(ExtensibilityGlobals) = postSolution
		SolutionGuid = {6FDD66D8-4A78-487F-8696-DCDBF2F8EF78}
	EndGlobalSection
EndGlobal
